// !$*UTF8*$!
{
	archiveVersion = 1;
	classes = {
	};
	objectVersion = 50;
	objects = {

/* Begin PBXBuildFile section */
		2F41113F26F0EB15002CFBD1 /* Toast.swift in Sources */ = {isa = PBXBuildFile; fileRef = 2F41113E26F0EB15002CFBD1 /* Toast.swift */; };
		2F82619E26ED4FD300B30524 /* AppDelegate.swift in Sources */ = {isa = PBXBuildFile; fileRef = 2F82619D26ED4FD300B30524 /* AppDelegate.swift */; };
		2F8261A026ED4FD300B30524 /* SceneDelegate.swift in Sources */ = {isa = PBXBuildFile; fileRef = 2F82619F26ED4FD300B30524 /* SceneDelegate.swift */; };
		2F8261A226ED4FD300B30524 /* ViewController.swift in Sources */ = {isa = PBXBuildFile; fileRef = 2F8261A126ED4FD300B30524 /* ViewController.swift */; };
		2F8261A526ED4FD300B30524 /* Main.storyboard in Resources */ = {isa = PBXBuildFile; fileRef = 2F8261A326ED4FD300B30524 /* Main.storyboard */; };
		2F8261A826ED4FD300B30524 /* prj_BMI.xcdatamodeld in Sources */ = {isa = PBXBuildFile; fileRef = 2F8261A626ED4FD300B30524 /* prj_BMI.xcdatamodeld */; };
		2F8261AA26ED4FD500B30524 /* Assets.xcassets in Resources */ = {isa = PBXBuildFile; fileRef = 2F8261A926ED4FD500B30524 /* Assets.xcassets */; };
		2F8261AD26ED4FD500B30524 /* LaunchScreen.storyboard in Resources */ = {isa = PBXBuildFile; fileRef = 2F8261AB26ED4FD500B30524 /* LaunchScreen.storyboard */; };
/* End PBXBuildFile section */

/* Begin PBXFileReference section */
		2F41113E26F0EB15002CFBD1 /* Toast.swift */ = {isa = PBXFileReference; fileEncoding = 4; lastKnownFileType = sourcecode.swift; name = Toast.swift; path = ../../Toast.swift; sourceTree = "<group>"; };
		2F82619A26ED4FD300B30524 /* prj-BMI.app */ = {isa = PBXFileReference; explicitFileType = wrapper.application; includeInIndex = 0; path = "prj-BMI.app"; sourceTree = BUILT_PRODUCTS_DIR; };
		2F82619D26ED4FD300B30524 /* AppDelegate.swift */ = {isa = PBXFileReference; lastKnownFileType = sourcecode.swift; path = AppDelegate.swift; sourceTree = "<group>"; };
		2F82619F26ED4FD300B30524 /* SceneDelegate.swift */ = {isa = PBXFileReference; lastKnownFileType = sourcecode.swift; path = SceneDelegate.swift; sourceTree = "<group>"; };
		2F8261A126ED4FD300B30524 /* ViewController.swift */ = {isa = PBXFileReference; lastKnownFileType = sourcecode.swift; path = ViewController.swift; sourceTree = "<group>"; };
		2F8261A426ED4FD300B30524 /* Base */ = {isa = PBXFileReference; lastKnownFileType = file.storyboard; name = Base; path = Base.lproj/Main.storyboard; sourceTree = "<group>"; };
		2F8261A726ED4FD300B30524 /* prj_BMI.xcdatamodel */ = {isa = PBXFileReference; lastKnownFileType = wrapper.xcdatamodel; path = prj_BMI.xcdatamodel; sourceTree = "<group>"; };
		2F8261A926ED4FD500B30524 /* Assets.xcassets */ = {isa = PBXFileReference; lastKnownFileType = folder.assetcatalog; path = Assets.xcassets; sourceTree = "<group>"; };
		2F8261AC26ED4FD500B30524 /* Base */ = {isa = PBXFileReference; lastKnownFileType = file.storyboard; name = Base; path = Base.lproj/LaunchScreen.storyboard; sourceTree = "<group>"; };
		2F8261AE26ED4FD500B30524 /* Info.plist */ = {isa = PBXFileReference; lastKnownFileType = text.plist.xml; path = Info.plist; sourceTree = "<group>"; };
/* End PBXFileReference section */

/* Begin PBXFrameworksBuildPhase section */
		2F82619726ED4FD300B30524 /* Frameworks */ = {
			isa = PBXFrameworksBuildPhase;
			buildActionMask = 2147483647;
			files = (
			);
			runOnlyForDeploymentPostprocessing = 0;
		};
/* End PBXFrameworksBuildPhase section */

/* Begin PBXGroup section */
		2F82619126ED4FD300B30524 = {
			isa = PBXGroup;
			children = (
				2F82619C26ED4FD300B30524 /* prj-BMI */,
				2F82619B26ED4FD300B30524 /* Products */,
			);
			sourceTree = "<group>";
		};
		2F82619B26ED4FD300B30524 /* Products */ = {
			isa = PBXGroup;
			children = (
				2F82619A26ED4FD300B30524 /* prj-BMI.app */,
			);
			name = Products;
			sourceTree = "<group>";
		};
		2F82619C26ED4FD300B30524 /* prj-BMI */ = {
			isa = PBXGroup;
			children = (
				2F41113E26F0EB15002CFBD1 /* Toast.swift */,
				2F82619D26ED4FD300B30524 /* AppDelegate.swift */,
				2F82619F26ED4FD300B30524 /* SceneDelegate.swift */,
				2F8261A126ED4FD300B30524 /* ViewController.swift */,
				2F8261A326ED4FD300B30524 /* Main.storyboard */,
				2F8261A926ED4FD500B30524 /* Assets.xcassets */,
				2F8261AB26ED4FD500B30524 /* LaunchScreen.storyboard */,
				2F8261AE26ED4FD500B30524 /* Info.plist */,
				2F8261A626ED4FD300B30524 /* prj_BMI.xcdatamodeld */,
			);
			path = "prj-BMI";
			sourceTree = "<group>";
		};
/* End PBXGroup section */

/* Begin PBXNativeTarget section */
		2F82619926ED4FD300B30524 /* prj-BMI */ = {
			isa = PBXNativeTarget;
			buildConfigurationList = 2F8261B126ED4FD500B30524 /* Build configuration list for PBXNativeTarget "prj-BMI" */;
			buildPhases = (
				2F82619626ED4FD300B30524 /* Sources */,
				2F82619726ED4FD300B30524 /* Frameworks */,
				2F82619826ED4FD300B30524 /* Resources */,
			);
			buildRules = (
			);
			dependencies = (
			);
			name = "prj-BMI";
			productName = "prj-BMI";
			productReference = 2F82619A26ED4FD300B30524 /* prj-BMI.app */;
			productType = "com.apple.product-type.application";
		};
/* End PBXNativeTarget section */

/* Begin PBXProject section */
		2F82619226ED4FD300B30524 /* Project object */ = {
			isa = PBXProject;
			attributes = {
				LastSwiftUpdateCheck = 1250;
				LastUpgradeCheck = 1250;
				TargetAttributes = {
					2F82619926ED4FD300B30524 = {
						CreatedOnToolsVersion = 12.5.1;
					};
				};
			};
			buildConfigurationList = 2F82619526ED4FD300B30524 /* Build configuration list for PBXProject "prj-BMI" */;
			compatibilityVersion = "Xcode 9.3";
			developmentRegion = en;
			hasScannedForEncodings = 0;
			knownRegions = (
				en,
				Base,
			);
			mainGroup = 2F82619126ED4FD300B30524;
			productRefGroup = 2F82619B26ED4FD300B30524 /* Products */;
			projectDirPath = "";
			projectRoot = "";
			targets = (
				2F82619926ED4FD300B30524 /* prj-BMI */,
			);
		};
/* End PBXProject section */

/* Begin PBXResourcesBuildPhase section */
		2F82619826ED4FD300B30524 /* Resources */ = {
			isa = PBXResourcesBuildPhase;
			buildActionMask = 2147483647;
			files = (
				2F8261AD26ED4FD500B30524 /* LaunchScreen.storyboard in Resources */,
				2F8261AA26ED4FD500B30524 /* Assets.xcassets in Resources */,
				2F8261A526ED4FD300B30524 /* Main.storyboard in Resources */,
			);
			runOnlyForDeploymentPostprocessing = 0;
		};
/* End PBXResourcesBuildPhase section */

/* Begin PBXSourcesBuildPhase section */
		2F82619626ED4FD300B30524 /* Sources */ = {
			isa = PBXSourcesBuildPhase;
			buildActionMask = 2147483647;
			files = (
				2F8261A226ED4FD300B30524 /* ViewController.swift in Sources */,
				2F82619E26ED4FD300B30524 /* AppDelegate.swift in Sources */,
				2F41113F26F0EB15002CFBD1 /* Toast.swift in Sources */,
				2F8261A026ED4FD300B30524 /* SceneDelegate.swift in Sources */,
				2F8261A826ED4FD300B30524 /* prj_BMI.xcdatamodeld in Sources */,
			);
			runOnlyForDeploymentPostprocessing = 0;
		};
/* End PBXSourcesBuildPhase section */

/* Begin PBXVariantGroup section */
		2F8261A326ED4FD300B30524 /* Main.storyboard */ = {
			isa = PBXVariantGroup;
			children = (
				2F8261A426ED4FD300B30524 /* Base */,
			);
			name = Main.storyboard;
			sourceTree = "<group>";
		};
		2F8261AB26ED4FD500B30524 /* LaunchScreen.storyboard */ = {
			isa = PBXVariantGroup;
			children = (
				2F8261AC26ED4FD500B30524 /* Base */,
			);
			name = LaunchScreen.storyboard;
			sourceTree = "<group>";
		};
/* End PBXVariantGroup section */

/* Begin XCBuildConfiguration section */
		2F8261AF26ED4FD500B30524 /* Debug */ = {
			isa = XCBuildConfiguration;
			buildSettings = {
				ALWAYS_SEARCH_USER_PATHS = NO;
				CLANG_ANALYZER_NONNULL = YES;
				CLANG_ANALYZER_NUMBER_OBJECT_CONVERSION = YES_AGGRESSIVE;
				CLANG_CXX_LANGUAGE_STANDARD = "gnu++14";
				CLANG_CXX_LIBRARY = "libc++";
				CLANG_ENABLE_MODULES = YES;
				CLANG_ENABLE_OBJC_ARC = YES;
				CLANG_ENABLE_OBJC_WEAK = YES;
				CLANG_WARN_BLOCK_CAPTURE_AUTORELEASING = YES;
				CLANG_WARN_BOOL_CONVERSION = YES;
				CLANG_WARN_COMMA = YES;
				CLANG_WARN_CONSTANT_CONVERSION = YES;
				CLANG_WARN_DEPRECATED_OBJC_IMPLEMENTATIONS = YES;
				CLANG_WARN_DIRECT_OBJC_ISA_USAGE = YES_ERROR;
				CLANG_WARN_DOCUMENTATION_COMMENTS = YES;
				CLANG_WARN_EMPTY_BODY = YES;
				CLANG_WARN_ENUM_CONVERSION = YES;
				CLANG_WARN_INFINITE_RECURSION = YES;
				CLANG_WARN_INT_CONVERSION = YES;
				CLANG_WARN_NON_LITERAL_NULL_CONVERSION = YES;
				CLANG_WARN_OBJC_IMPLICIT_RETAIN_SELF = YES;
				CLANG_WARN_OBJC_LITERAL_CONVERSION = YES;
				CLANG_WARN_OBJC_ROOT_CLASS = YES_ERROR;
				CLANG_WARN_QUOTED_INCLUDE_IN_FRAMEWORK_HEADER = YES;
				CLANG_WARN_RANGE_LOOP_ANALYSIS = YES;
				CLANG_WARN_STRICT_PROTOTYPES = YES;
				CLANG_WARN_SUSPICIOUS_MOVE = YES;
				CLANG_WARN_UNGUARDED_AVAILABILITY = YES_AGGRESSIVE;
				CLANG_WARN_UNREACHABLE_CODE = YES;
				CLANG_WARN__DUPLICATE_METHOD_MATCH = YES;
				COPY_PHASE_STRIP = NO;
				DEBUG_INFORMATION_FORMAT = dwarf;
				ENABLE_STRICT_OBJC_MSGSEND = YES;
				ENABLE_TESTABILITY = YES;
				GCC_C_LANGUAGE_STANDARD = gnu11;
				GCC_DYNAMIC_NO_PIC = NO;
				GCC_NO_COMMON_BLOCKS = YES;
				GCC_OPTIMIZATION_LEVEL = 0;
				GCC_PREPROCESSOR_DEFINITIONS = (
					"DEBUG=1",
					"$(inherited)",
				);
				GCC_WARN_64_TO_32_BIT_CONVERSION = YES;
				GCC_WARN_ABOUT_RETURN_TYPE = YES_ERROR;
				GCC_WARN_UNDECLARED_SELECTOR = YES;
				GCC_WARN_UNINITIALIZED_AUTOS = YES_AGGRESSIVE;
				GCC_WARN_UNUSED_FUNCTION = YES;
				GCC_WARN_UNUSED_VARIABLE = YES;
				IPHONEOS_DEPLOYMENT_TARGET = 14.5;
				MTL_ENABLE_DEBUG_INFO = INCLUDE_SOURCE;
				MTL_FAST_MATH = YES;
				ONLY_ACTIVE_ARCH = YES;
				SDKROOT = iphoneos;
				SWIFT_ACTIVE_COMPILATION_CONDITIONS = DEBUG;
				SWIFT_OPTIMIZATION_LEVEL = "-Onone";
			};
			name = Debug;
		};
		2F8261B026ED4FD500B30524 /* Release */ = {
			isa = XCBuildConfiguration;
			buildSettings = {
				ALWAYS_SEARCH_USER_PATHS = NO;
				CLANG_ANALYZER_NONNULL = YES;
				CLANG_ANALYZER_NUMBER_OBJECT_CONVERSION = YES_AGGRESSIVE;
				CLANG_CXX_LANGUAGE_STANDARD = "gnu++14";
				CLANG_CXX_LIBRARY = "libc++";
				CLANG_ENABLE_MODULES = YES;
				CLANG_ENABLE_OBJC_ARC = YES;
				CLANG_ENABLE_OBJC_WEAK = YES;
				CLANG_WARN_BLOCK_CAPTURE_AUTORELEASING = YES;
				CLANG_WARN_BOOL_CONVERSION = YES;
				CLANG_WARN_COMMA = YES;
				CLANG_WARN_CONSTANT_CONVERSION = YES;
				CLANG_WARN_DEPRECATED_OBJC_IMPLEMENTATIONS = YES;
				CLANG_WARN_DIRECT_OBJC_ISA_USAGE = YES_ERROR;
				CLANG_WARN_DOCUMENTATION_COMMENTS = YES;
				CLANG_WARN_EMPTY_BODY = YES;
				CLANG_WARN_ENUM_CONVERSION = YES;
				CLANG_WARN_INFINITE_RECURSION = YES;
				CLANG_WARN_INT_CONVERSION = YES;
				CLANG_WARN_NON_LITERAL_NULL_CONVERSION = YES;
				CLANG_WARN_OBJC_IMPLICIT_RETAIN_SELF = YES;
				CLANG_WARN_OBJC_LITERAL_CONVERSION = YES;
				CLANG_WARN_OBJC_ROOT_CLASS = YES_ERROR;
				CLANG_WARN_QUOTED_INCLUDE_IN_FRAMEWORK_HEADER = YES;
				CLANG_WARN_RANGE_LOOP_ANALYSIS = YES;
				CLANG_WARN_STRICT_PROTOTYPES = YES;
				CLANG_WARN_SUSPICIOUS_MOVE = YES;
				CLANG_WARN_UNGUARDED_AVAILABILITY = YES_AGGRESSIVE;
				CLANG_WARN_UNREACHABLE_CODE = YES;
				CLANG_WARN__DUPLICATE_METHOD_MATCH = YES;
				COPY_PHASE_STRIP = NO;
				DEBUG_INFORMATION_FORMAT = "dwarf-with-dsym";
				ENABLE_NS_ASSERTIONS = NO;
				ENABLE_STRICT_OBJC_MSGSEND = YES;
				GCC_C_LANGUAGE_STANDARD = gnu11;
				GCC_NO_COMMON_BLOCKS = YES;
				GCC_WARN_64_TO_32_BIT_CONVERSION = YES;
				GCC_WARN_ABOUT_RETURN_TYPE = YES_ERROR;
				GCC_WARN_UNDECLARED_SELECTOR = YES;
				GCC_WARN_UNINITIALIZED_AUTOS = YES_AGGRESSIVE;
				GCC_WARN_UNUSED_FUNCTION = YES;
				GCC_WARN_UNUSED_VARIABLE = YES;
				IPHONEOS_DEPLOYMENT_TARGET = 14.5;
				MTL_ENABLE_DEBUG_INFO = NO;
				MTL_FAST_MATH = YES;
				SDKROOT = iphoneos;
				SWIFT_COMPILATION_MODE = wholemodule;
				SWIFT_OPTIMIZATION_LEVEL = "-O";
				VALIDATE_PRODUCT = YES;
			};
			name = Release;
		};
		2F8261B226ED4FD500B30524 /* Debug */ = {
			isa = XCBuildConfiguration;
			buildSettings = {
				ASSETCATALOG_COMPILER_APPICON_NAME = AppIcon;
				ASSETCATALOG_COMPILER_GLOBAL_ACCENT_COLOR_NAME = AccentColor;
				CODE_SIGN_STYLE = Automatic;
				INFOPLIST_FILE = "prj-BMI/Info.plist";
				LD_RUNPATH_SEARCH_PATHS = (
					"$(inherited)",
					"@executable_path/Frameworks",
				);
				PRODUCT_BUNDLE_IDENTIFIER = "Hieu.prj-BMI";
				PRODUCT_NAME = "$(TARGET_NAME)";
				SWIFT_VERSION = 5.0;
				TARGETED_DEVICE_FAMILY = "1,2";
			};
			name = Debug;
		};
		2F8261B326ED4FD500B30524 /* Release */ = {
			isa = XCBuildConfiguration;
			buildSettings = {
				ASSETCATALOG_COMPILER_APPICON_NAME = AppIcon;
				ASSETCATALOG_COMPILER_GLOBAL_ACCENT_COLOR_NAME = AccentColor;
				CODE_SIGN_STYLE = Automatic;
				INFOPLIST_FILE = "prj-BMI/Info.plist";
				LD_RUNPATH_SEARCH_PATHS = (
					"$(inherited)",
					"@executable_path/Frameworks",
				);
				PRODUCT_BUNDLE_IDENTIFIER = "Hieu.prj-BMI";
				PRODUCT_NAME = "$(TARGET_NAME)";
				SWIFT_VERSION = 5.0;
				TARGETED_DEVICE_FAMILY = "1,2";
			};
			name = Release;
		};
/* End XCBuildConfiguration section */

/* Begin XCConfigurationList section */
		2F82619526ED4FD300B30524 /* Build configuration list for PBXProject "prj-BMI" */ = {
			isa = XCConfigurationList;
			buildConfigurations = (
				2F8261AF26ED4FD500B30524 /* Debug */,
				2F8261B026ED4FD500B30524 /* Release */,
			);
			defaultConfigurationIsVisible = 0;
			defaultConfigurationName = Release;
		};
		2F8261B126ED4FD500B30524 /* Build configuration list for PBXNativeTarget "prj-BMI" */ = {
			isa = XCConfigurationList;
			buildConfigurations = (
				2F8261B226ED4FD500B30524 /* Debug */,
				2F8261B326ED4FD500B30524 /* Release */,
			);
			defaultConfigurationIsVisible = 0;
			defaultConfigurationName = Release;
		};
/* End XCConfigurationList section */

/* Begin XCVersionGroup section */
		2F8261A626ED4FD300B30524 /* prj_BMI.xcdatamodeld */ = {
			isa = XCVersionGroup;
			children = (
				2F8261A726ED4FD300B30524 /* prj_BMI.xcdatamodel */,
			);
			currentVersion = 2F8261A726ED4FD300B30524 /* prj_BMI.xcdatamodel */;
			path = prj_BMI.xcdatamodeld;
			sourceTree = "<group>";
			versionGroupType = wrapper.xcdatamodel;
		};
/* End XCVersionGroup section */
	};
	rootObject = 2F82619226ED4FD300B30524 /* Project object */;
}
